
Microsoft Visual Studio Solution File, Format Version 12.00
# Visual Studio 15
VisualStudioVersion = 15.0.27428.2002
MinimumVisualStudioVersion = 10.0.40219.1
Project("{F184B08F-C81C-45F6-A57F-5ABD9991F28F}") = "easydent-repportappointmentnote", "easydent-repportappointmentnote\easydent-repportappointmentnote.vbproj", "{EE8152C3-85F0-480B-A217-AC3092A1F64C}"
EndProject
Global
	GlobalSection(SolutionConfigurationPlatforms) = preSolution
		Debug|Any CPU = Debug|Any CPU
		Release|Any CPU = Release|Any CPU
	EndGlobalSection
	GlobalSection(ProjectConfigurationPlatforms) = postSolution
		{EE8152C3-85F0-480B-A217-AC3092A1F64C}.Debug|Any CPU.ActiveCfg = Debug|Any CPU
		{EE8152C3-85F0-480B-A217-AC3092A1F64C}.Debug|Any CPU.Build.0 = Debug|Any CPU
		{EE8152C3-85F0-480B-A217-AC3092A1F64C}.Release|Any CPU.ActiveCfg = Release|Any CPU
		{EE8152C3-85F0-480B-A217-AC3092A1F64C}.Release|Any CPU.Build.0 = Release|Any CPU
	EndGlobalSection
	GlobalSection(SolutionProperties) = preSolution
		HideSolutionNode = FALSE
	EndGlobalSection
	GlobalSection(ExtensibilityGlobals) = postSolution
		SolutionGuid = {76D3E294-761D-4630-B00F-229821E48DE7}
	EndGlobalSection
EndGlobal
