
Microsoft Visual Studio Solution File, Format Version 12.00
# Visual Studio 15
VisualStudioVersion = 15.0.27428.2002
MinimumVisualStudioVersion = 10.0.40219.1
Project("{F184B08F-C81C-45F6-A57F-5ABD9991F28F}") = "softdent-adacode2", "softdent-adacode2\softdent-adacode2.vbproj", "{7B986A59-FD59-495B-9656-477BEE3A9221}"
EndProject
Global
	GlobalSection(SolutionConfigurationPlatforms) = preSolution
		Debug|Any CPU = Debug|Any CPU
		Release|Any CPU = Release|Any CPU
	EndGlobalSection
	GlobalSection(ProjectConfigurationPlatforms) = postSolution
		{7B986A59-FD59-495B-9656-477BEE3A9221}.Debug|Any CPU.ActiveCfg = Debug|Any CPU
		{7B986A59-FD59-495B-9656-477BEE3A9221}.Debug|Any CPU.Build.0 = Debug|Any CPU
		{7B986A59-FD59-495B-9656-477BEE3A9221}.Release|Any CPU.ActiveCfg = Release|Any CPU
		{7B986A59-FD59-495B-9656-477BEE3A9221}.Release|Any CPU.Build.0 = Release|Any CPU
	EndGlobalSection
	GlobalSection(SolutionProperties) = preSolution
		HideSolutionNode = FALSE
	EndGlobalSection
	GlobalSection(ExtensibilityGlobals) = postSolution
		SolutionGuid = {42EF7041-64DA-42F0-A414-C08FC6034741}
	EndGlobalSection
EndGlobal
