
Microsoft Visual Studio Solution File, Format Version 12.00
# Visual Studio 15
VisualStudioVersion = 15.0.27428.2002
MinimumVisualStudioVersion = 10.0.40219.1
Project("{F184B08F-C81C-45F6-A57F-5ABD9991F28F}") = "excelclean-treatment", "excelclean-treatment\excelclean-treatment.vbproj", "{682FCBA7-517F-44C0-A409-2DCE5C1204B8}"
EndProject
Global
	GlobalSection(SolutionConfigurationPlatforms) = preSolution
		Debug|Any CPU = Debug|Any CPU
		Release|Any CPU = Release|Any CPU
	EndGlobalSection
	GlobalSection(ProjectConfigurationPlatforms) = postSolution
		{682FCBA7-517F-44C0-A409-2DCE5C1204B8}.Debug|Any CPU.ActiveCfg = Debug|Any CPU
		{682FCBA7-517F-44C0-A409-2DCE5C1204B8}.Debug|Any CPU.Build.0 = Debug|Any CPU
		{682FCBA7-517F-44C0-A409-2DCE5C1204B8}.Release|Any CPU.ActiveCfg = Release|Any CPU
		{682FCBA7-517F-44C0-A409-2DCE5C1204B8}.Release|Any CPU.Build.0 = Release|Any CPU
	EndGlobalSection
	GlobalSection(SolutionProperties) = preSolution
		HideSolutionNode = FALSE
	EndGlobalSection
	GlobalSection(ExtensibilityGlobals) = postSolution
		SolutionGuid = {DD1F44C7-A6FA-4E62-A455-51DC3EA3236A}
	EndGlobalSection
EndGlobal
